
Microsoft Visual Studio Solution File, Format Version 12.00
# Visual Studio 15
VisualStudioVersion = 15.0.28010.2048
MinimumVisualStudioVersion = 10.0.40219.1
Project("{FAE04EC0-301F-11D3-BF4B-00C04F79EFBC}") = "DocumentConverterForms", "DocumentConverterForms\DocumentConverterForms.csproj", "{E7F84ABE-D103-4C1D-8DA2-720C476F27D6}"
EndProject
Global
	GlobalSection(SolutionConfigurationPlatforms) = preSolution
		Debug|Any CPU = Debug|Any CPU
		Release|Any CPU = Release|Any CPU
	EndGlobalSection
	GlobalSection(ProjectConfigurationPlatforms) = postSolution
		{E7F84ABE-D103-4C1D-8DA2-720C476F27D6}.Debug|Any CPU.ActiveCfg = Debug|Any CPU
		{E7F84ABE-D103-4C1D-8DA2-720C476F27D6}.Debug|Any CPU.Build.0 = Debug|Any CPU
		{E7F84ABE-D103-4C1D-8DA2-720C476F27D6}.Release|Any CPU.ActiveCfg = Release|Any CPU
		{E7F84ABE-D103-4C1D-8DA2-720C476F27D6}.Release|Any CPU.Build.0 = Release|Any CPU
	EndGlobalSection
	GlobalSection(SolutionProperties) = preSolution
		HideSolutionNode = FALSE
	EndGlobalSection
	GlobalSection(ExtensibilityGlobals) = postSolution
		SolutionGuid = {A0140903-03CA-402D-968A-A67F19C4866E}
	EndGlobalSection
EndGlobal
